
Microsoft Visual Studio Solution File, Format Version 12.00
# Visual Studio 14
VisualStudioVersion = 14.0.25123.0
MinimumVisualStudioVersion = 10.0.40219.1
Project("{FAE04EC0-301F-11D3-BF4B-00C04F79EFBC}") = "HttpCachedClient", "HttpCachedClient.csproj", "{686A09A5-CE72-427B-9E30-FA9F0A176F8F}"
EndProject
Project("{2150E333-8FDC-42A3-9474-1A3956D46DE8}") = "Test", "Test", "{53085DF1-1C4F-4575-8B05-5A84BA8F0675}"
EndProject
Global
	GlobalSection(SolutionConfigurationPlatforms) = preSolution
		Debug|Any CPU = Debug|Any CPU
		Release|Any CPU = Release|Any CPU
	EndGlobalSection
	GlobalSection(ProjectConfigurationPlatforms) = postSolution
		{686A09A5-CE72-427B-9E30-FA9F0A176F8F}.Debug|Any CPU.ActiveCfg = Debug|Any CPU
		{686A09A5-CE72-427B-9E30-FA9F0A176F8F}.Debug|Any CPU.Build.0 = Debug|Any CPU
		{686A09A5-CE72-427B-9E30-FA9F0A176F8F}.Release|Any CPU.ActiveCfg = Release|Any CPU
		{686A09A5-CE72-427B-9E30-FA9F0A176F8F}.Release|Any CPU.Build.0 = Release|Any CPU
	EndGlobalSection
	GlobalSection(SolutionProperties) = preSolution
		HideSolutionNode = FALSE
	EndGlobalSection
EndGlobal
